// !$*UTF8*$!
{
	archiveVersion = 1;
	classes = {
	};
	objectVersion = 55;
	objects = {

/* Begin PBXBuildFile section */
		9A2262A426E37E35008CB57A /* RockTheCodingInterviewApp.swift in Sources */ = {isa = PBXBuildFile; fileRef = 9A2262A326E37E35008CB57A /* RockTheCodingInterviewApp.swift */; };
		9A2262A826E37E3D008CB57A /* Assets.xcassets in Resources */ = {isa = PBXBuildFile; fileRef = 9A2262A726E37E3D008CB57A /* Assets.xcassets */; };
		9A2262AB26E37E3D008CB57A /* Preview Assets.xcassets in Resources */ = {isa = PBXBuildFile; fileRef = 9A2262AA26E37E3D008CB57A /* Preview Assets.xcassets */; };
		9A2262B526E37E3D008CB57A /* RockTheCodingInterviewTests.swift in Sources */ = {isa = PBXBuildFile; fileRef = 9A2262B426E37E3D008CB57A /* RockTheCodingInterviewTests.swift */; };
		9A2262BF26E37E3D008CB57A /* RockTheCodingInterviewUITests.swift in Sources */ = {isa = PBXBuildFile; fileRef = 9A2262BE26E37E3D008CB57A /* RockTheCodingInterviewUITests.swift */; };
		9A2262CE26E40225008CB57A /* SplashView.swift in Sources */ = {isa = PBXBuildFile; fileRef = 9A2262CD26E40225008CB57A /* SplashView.swift */; };
		9A2262D326E4068F008CB57A /* SplashImageView.swift in Sources */ = {isa = PBXBuildFile; fileRef = 9A2262D226E4068F008CB57A /* SplashImageView.swift */; };
		9A2262D626E4070A008CB57A /* LoginView.swift in Sources */ = {isa = PBXBuildFile; fileRef = 9A2262D526E4070A008CB57A /* LoginView.swift */; };
		9A2262D826E40784008CB57A /* RoundedButton.swift in Sources */ = {isa = PBXBuildFile; fileRef = 9A2262D726E40784008CB57A /* RoundedButton.swift */; };
		9AF6DE8F26E4A19F00A7F5A2 /* QuiestionView.swift in Sources */ = {isa = PBXBuildFile; fileRef = 9AF6DE8E26E4A19F00A7F5A2 /* QuiestionView.swift */; };
		9AF6DE9226E4AF7C00A7F5A2 /* Quiestion.swift in Sources */ = {isa = PBXBuildFile; fileRef = 9AF6DE9126E4AF7C00A7F5A2 /* Quiestion.swift */; };
		9AF6DE9726E4CE2A00A7F5A2 /* RearrangeLinesView.swift in Sources */ = {isa = PBXBuildFile; fileRef = 9AF6DE9626E4CE2A00A7F5A2 /* RearrangeLinesView.swift */; };
		9AF6DE9926E4CE6000A7F5A2 /* CodeBlock.swift in Sources */ = {isa = PBXBuildFile; fileRef = 9AF6DE9826E4CE6000A7F5A2 /* CodeBlock.swift */; };
		9AF6DE9B26E4CEB500A7F5A2 /* Line.swift in Sources */ = {isa = PBXBuildFile; fileRef = 9AF6DE9A26E4CEB500A7F5A2 /* Line.swift */; };
		9AF6DE9D26E4D9E800A7F5A2 /* QuiestionContainer.swift in Sources */ = {isa = PBXBuildFile; fileRef = 9AF6DE9C26E4D9E800A7F5A2 /* QuiestionContainer.swift */; };
		9AF6DE9F26E4E15700A7F5A2 /* DataProvider.swift in Sources */ = {isa = PBXBuildFile; fileRef = 9AF6DE9E26E4E15700A7F5A2 /* DataProvider.swift */; };
/* End PBXBuildFile section */

/* Begin PBXContainerItemProxy section */
		9A2262B126E37E3D008CB57A /* PBXContainerItemProxy */ = {
			isa = PBXContainerItemProxy;
			containerPortal = 9A22629826E37E35008CB57A /* Project object */;
			proxyType = 1;
			remoteGlobalIDString = 9A22629F26E37E35008CB57A;
			remoteInfo = RockTheCodingInterview;
		};
		9A2262BB26E37E3D008CB57A /* PBXContainerItemProxy */ = {
			isa = PBXContainerItemProxy;
			containerPortal = 9A22629826E37E35008CB57A /* Project object */;
			proxyType = 1;
			remoteGlobalIDString = 9A22629F26E37E35008CB57A;
			remoteInfo = RockTheCodingInterview;
		};
/* End PBXContainerItemProxy section */

/* Begin PBXFileReference section */
		9A2262A026E37E35008CB57A /* RockTheCodingInterview.app */ = {isa = PBXFileReference; explicitFileType = wrapper.application; includeInIndex = 0; path = RockTheCodingInterview.app; sourceTree = BUILT_PRODUCTS_DIR; };
		9A2262A326E37E35008CB57A /* RockTheCodingInterviewApp.swift */ = {isa = PBXFileReference; lastKnownFileType = sourcecode.swift; path = RockTheCodingInterviewApp.swift; sourceTree = "<group>"; };
		9A2262A726E37E3D008CB57A /* Assets.xcassets */ = {isa = PBXFileReference; lastKnownFileType = folder.assetcatalog; path = Assets.xcassets; sourceTree = "<group>"; };
		9A2262AA26E37E3D008CB57A /* Preview Assets.xcassets */ = {isa = PBXFileReference; lastKnownFileType = folder.assetcatalog; path = "Preview Assets.xcassets"; sourceTree = "<group>"; };
		9A2262B026E37E3D008CB57A /* RockTheCodingInterviewTests.xctest */ = {isa = PBXFileReference; explicitFileType = wrapper.cfbundle; includeInIndex = 0; path = RockTheCodingInterviewTests.xctest; sourceTree = BUILT_PRODUCTS_DIR; };
		9A2262B426E37E3D008CB57A /* RockTheCodingInterviewTests.swift */ = {isa = PBXFileReference; lastKnownFileType = sourcecode.swift; path = RockTheCodingInterviewTests.swift; sourceTree = "<group>"; };
		9A2262BA26E37E3D008CB57A /* RockTheCodingInterviewUITests.xctest */ = {isa = PBXFileReference; explicitFileType = wrapper.cfbundle; includeInIndex = 0; path = RockTheCodingInterviewUITests.xctest; sourceTree = BUILT_PRODUCTS_DIR; };
		9A2262BE26E37E3D008CB57A /* RockTheCodingInterviewUITests.swift */ = {isa = PBXFileReference; lastKnownFileType = sourcecode.swift; path = RockTheCodingInterviewUITests.swift; sourceTree = "<group>"; };
		9A2262CD26E40225008CB57A /* SplashView.swift */ = {isa = PBXFileReference; lastKnownFileType = sourcecode.swift; path = SplashView.swift; sourceTree = "<group>"; };
		9A2262D226E4068F008CB57A /* SplashImageView.swift */ = {isa = PBXFileReference; lastKnownFileType = sourcecode.swift; path = SplashImageView.swift; sourceTree = "<group>"; };
		9A2262D526E4070A008CB57A /* LoginView.swift */ = {isa = PBXFileReference; lastKnownFileType = sourcecode.swift; path = LoginView.swift; sourceTree = "<group>"; };
		9A2262D726E40784008CB57A /* RoundedButton.swift */ = {isa = PBXFileReference; lastKnownFileType = sourcecode.swift; path = RoundedButton.swift; sourceTree = "<group>"; };
		9AF6DE8E26E4A19F00A7F5A2 /* QuiestionView.swift */ = {isa = PBXFileReference; lastKnownFileType = sourcecode.swift; path = QuiestionView.swift; sourceTree = "<group>"; };
		9AF6DE9126E4AF7C00A7F5A2 /* Quiestion.swift */ = {isa = PBXFileReference; lastKnownFileType = sourcecode.swift; path = Quiestion.swift; sourceTree = "<group>"; };
		9AF6DE9626E4CE2A00A7F5A2 /* RearrangeLinesView.swift */ = {isa = PBXFileReference; lastKnownFileType = sourcecode.swift; path = RearrangeLinesView.swift; sourceTree = "<group>"; };
		9AF6DE9826E4CE6000A7F5A2 /* CodeBlock.swift */ = {isa = PBXFileReference; lastKnownFileType = sourcecode.swift; path = CodeBlock.swift; sourceTree = "<group>"; };
		9AF6DE9A26E4CEB500A7F5A2 /* Line.swift */ = {isa = PBXFileReference; lastKnownFileType = sourcecode.swift; path = Line.swift; sourceTree = "<group>"; };
		9AF6DE9C26E4D9E800A7F5A2 /* QuiestionContainer.swift */ = {isa = PBXFileReference; lastKnownFileType = sourcecode.swift; path = QuiestionContainer.swift; sourceTree = "<group>"; };
		9AF6DE9E26E4E15700A7F5A2 /* DataProvider.swift */ = {isa = PBXFileReference; lastKnownFileType = sourcecode.swift; path = DataProvider.swift; sourceTree = "<group>"; };
/* End PBXFileReference section */

/* Begin PBXFrameworksBuildPhase section */
		9A22629D26E37E35008CB57A /* Frameworks */ = {
			isa = PBXFrameworksBuildPhase;
			buildActionMask = 2147483647;
			files = (
			);
			runOnlyForDeploymentPostprocessing = 0;
		};
		9A2262AD26E37E3D008CB57A /* Frameworks */ = {
			isa = PBXFrameworksBuildPhase;
			buildActionMask = 2147483647;
			files = (
			);
			runOnlyForDeploymentPostprocessing = 0;
		};
		9A2262B726E37E3D008CB57A /* Frameworks */ = {
			isa = PBXFrameworksBuildPhase;
			buildActionMask = 2147483647;
			files = (
			);
			runOnlyForDeploymentPostprocessing = 0;
		};
/* End PBXFrameworksBuildPhase section */

/* Begin PBXGroup section */
		9A22629726E37E35008CB57A = {
			isa = PBXGroup;
			children = (
				9A2262A226E37E35008CB57A /* RockTheCodingInterview */,
				9A2262B326E37E3D008CB57A /* RockTheCodingInterviewTests */,
				9A2262BD26E37E3D008CB57A /* RockTheCodingInterviewUITests */,
				9A2262A126E37E35008CB57A /* Products */,
			);
			sourceTree = "<group>";
		};
		9A2262A126E37E35008CB57A /* Products */ = {
			isa = PBXGroup;
			children = (
				9A2262A026E37E35008CB57A /* RockTheCodingInterview.app */,
				9A2262B026E37E3D008CB57A /* RockTheCodingInterviewTests.xctest */,
				9A2262BA26E37E3D008CB57A /* RockTheCodingInterviewUITests.xctest */,
			);
			name = Products;
			sourceTree = "<group>";
		};
		9A2262A226E37E35008CB57A /* RockTheCodingInterview */ = {
			isa = PBXGroup;
			children = (
				9AF6DE9026E4AF7000A7F5A2 /* Models */,
				9A2262CF26E40653008CB57A /* CustomViews */,
				9A2262CB26E401FA008CB57A /* Scenes */,
				9A2262A326E37E35008CB57A /* RockTheCodingInterviewApp.swift */,
				9A2262A726E37E3D008CB57A /* Assets.xcassets */,
				9A2262A926E37E3D008CB57A /* Preview Content */,
			);
			path = RockTheCodingInterview;
			sourceTree = "<group>";
		};
		9A2262A926E37E3D008CB57A /* Preview Content */ = {
			isa = PBXGroup;
			children = (
				9A2262AA26E37E3D008CB57A /* Preview Assets.xcassets */,
			);
			path = "Preview Content";
			sourceTree = "<group>";
		};
		9A2262B326E37E3D008CB57A /* RockTheCodingInterviewTests */ = {
			isa = PBXGroup;
			children = (
				9A2262B426E37E3D008CB57A /* RockTheCodingInterviewTests.swift */,
			);
			path = RockTheCodingInterviewTests;
			sourceTree = "<group>";
		};
		9A2262BD26E37E3D008CB57A /* RockTheCodingInterviewUITests */ = {
			isa = PBXGroup;
			children = (
				9A2262BE26E37E3D008CB57A /* RockTheCodingInterviewUITests.swift */,
			);
			path = RockTheCodingInterviewUITests;
			sourceTree = "<group>";
		};
		9A2262CB26E401FA008CB57A /* Scenes */ = {
			isa = PBXGroup;
			children = (
				9AF6DE9526E4CE1200A7F5A2 /* RearrangeLinesScene */,
				9AF6DE8D26E4A17E00A7F5A2 /* QuiestionScene */,
				9A2262D426E406EF008CB57A /* LoginScene */,
				9A2262CC26E40201008CB57A /* SplashScene */,
			);
			path = Scenes;
			sourceTree = "<group>";
		};
		9A2262CC26E40201008CB57A /* SplashScene */ = {
			isa = PBXGroup;
			children = (
				9A2262CD26E40225008CB57A /* SplashView.swift */,
			);
			path = SplashScene;
			sourceTree = "<group>";
		};
		9A2262CF26E40653008CB57A /* CustomViews */ = {
			isa = PBXGroup;
			children = (
				9A2262D226E4068F008CB57A /* SplashImageView.swift */,
				9A2262D726E40784008CB57A /* RoundedButton.swift */,
				9AF6DE9C26E4D9E800A7F5A2 /* QuiestionContainer.swift */,
			);
			path = CustomViews;
			sourceTree = "<group>";
		};
		9A2262D426E406EF008CB57A /* LoginScene */ = {
			isa = PBXGroup;
			children = (
				9A2262D526E4070A008CB57A /* LoginView.swift */,
			);
			path = LoginScene;
			sourceTree = "<group>";
		};
		9AF6DE8D26E4A17E00A7F5A2 /* QuiestionScene */ = {
			isa = PBXGroup;
			children = (
				9AF6DE8E26E4A19F00A7F5A2 /* QuiestionView.swift */,
			);
			path = QuiestionScene;
			sourceTree = "<group>";
		};
		9AF6DE9026E4AF7000A7F5A2 /* Models */ = {
			isa = PBXGroup;
			children = (
				9AF6DE9126E4AF7C00A7F5A2 /* Quiestion.swift */,
				9AF6DE9826E4CE6000A7F5A2 /* CodeBlock.swift */,
				9AF6DE9A26E4CEB500A7F5A2 /* Line.swift */,
				9AF6DE9E26E4E15700A7F5A2 /* DataProvider.swift */,
			);
			path = Models;
			sourceTree = "<group>";
		};
		9AF6DE9526E4CE1200A7F5A2 /* RearrangeLinesScene */ = {
			isa = PBXGroup;
			children = (
				9AF6DE9626E4CE2A00A7F5A2 /* RearrangeLinesView.swift */,
			);
			path = RearrangeLinesScene;
			sourceTree = "<group>";
		};
/* End PBXGroup section */

/* Begin PBXNativeTarget section */
		9A22629F26E37E35008CB57A /* RockTheCodingInterview */ = {
			isa = PBXNativeTarget;
			buildConfigurationList = 9A2262C226E37E3D008CB57A /* Build configuration list for PBXNativeTarget "RockTheCodingInterview" */;
			buildPhases = (
				9A22629C26E37E35008CB57A /* Sources */,
				9A22629D26E37E35008CB57A /* Frameworks */,
				9A22629E26E37E35008CB57A /* Resources */,
			);
			buildRules = (
			);
			dependencies = (
			);
			name = RockTheCodingInterview;
			productName = RockTheCodingInterview;
			productReference = 9A2262A026E37E35008CB57A /* RockTheCodingInterview.app */;
			productType = "com.apple.product-type.application";
		};
		9A2262AF26E37E3D008CB57A /* RockTheCodingInterviewTests */ = {
			isa = PBXNativeTarget;
			buildConfigurationList = 9A2262C526E37E3D008CB57A /* Build configuration list for PBXNativeTarget "RockTheCodingInterviewTests" */;
			buildPhases = (
				9A2262AC26E37E3D008CB57A /* Sources */,
				9A2262AD26E37E3D008CB57A /* Frameworks */,
				9A2262AE26E37E3D008CB57A /* Resources */,
			);
			buildRules = (
			);
			dependencies = (
				9A2262B226E37E3D008CB57A /* PBXTargetDependency */,
			);
			name = RockTheCodingInterviewTests;
			productName = RockTheCodingInterviewTests;
			productReference = 9A2262B026E37E3D008CB57A /* RockTheCodingInterviewTests.xctest */;
			productType = "com.apple.product-type.bundle.unit-test";
		};
		9A2262B926E37E3D008CB57A /* RockTheCodingInterviewUITests */ = {
			isa = PBXNativeTarget;
			buildConfigurationList = 9A2262C826E37E3D008CB57A /* Build configuration list for PBXNativeTarget "RockTheCodingInterviewUITests" */;
			buildPhases = (
				9A2262B626E37E3D008CB57A /* Sources */,
				9A2262B726E37E3D008CB57A /* Frameworks */,
				9A2262B826E37E3D008CB57A /* Resources */,
			);
			buildRules = (
			);
			dependencies = (
				9A2262BC26E37E3D008CB57A /* PBXTargetDependency */,
			);
			name = RockTheCodingInterviewUITests;
			productName = RockTheCodingInterviewUITests;
			productReference = 9A2262BA26E37E3D008CB57A /* RockTheCodingInterviewUITests.xctest */;
			productType = "com.apple.product-type.bundle.ui-testing";
		};
/* End PBXNativeTarget section */

/* Begin PBXProject section */
		9A22629826E37E35008CB57A /* Project object */ = {
			isa = PBXProject;
			attributes = {
				BuildIndependentTargetsInParallel = 1;
				LastSwiftUpdateCheck = 1300;
				LastUpgradeCheck = 1300;
				TargetAttributes = {
					9A22629F26E37E35008CB57A = {
						CreatedOnToolsVersion = 13.0;
					};
					9A2262AF26E37E3D008CB57A = {
						CreatedOnToolsVersion = 13.0;
						TestTargetID = 9A22629F26E37E35008CB57A;
					};
					9A2262B926E37E3D008CB57A = {
						CreatedOnToolsVersion = 13.0;
						TestTargetID = 9A22629F26E37E35008CB57A;
					};
				};
			};
			buildConfigurationList = 9A22629B26E37E35008CB57A /* Build configuration list for PBXProject "RockTheCodingInterview" */;
			compatibilityVersion = "Xcode 13.0";
			developmentRegion = en;
			hasScannedForEncodings = 0;
			knownRegions = (
				en,
				Base,
			);
			mainGroup = 9A22629726E37E35008CB57A;
			productRefGroup = 9A2262A126E37E35008CB57A /* Products */;
			projectDirPath = "";
			projectRoot = "";
			targets = (
				9A22629F26E37E35008CB57A /* RockTheCodingInterview */,
				9A2262AF26E37E3D008CB57A /* RockTheCodingInterviewTests */,
				9A2262B926E37E3D008CB57A /* RockTheCodingInterviewUITests */,
			);
		};
/* End PBXProject section */

/* Begin PBXResourcesBuildPhase section */
		9A22629E26E37E35008CB57A /* Resources */ = {
			isa = PBXResourcesBuildPhase;
			buildActionMask = 2147483647;
			files = (
				9A2262AB26E37E3D008CB57A /* Preview Assets.xcassets in Resources */,
				9A2262A826E37E3D008CB57A /* Assets.xcassets in Resources */,
			);
			runOnlyForDeploymentPostprocessing = 0;
		};
		9A2262AE26E37E3D008CB57A /* Resources */ = {
			isa = PBXResourcesBuildPhase;
			buildActionMask = 2147483647;
			files = (
			);
			runOnlyForDeploymentPostprocessing = 0;
		};
		9A2262B826E37E3D008CB57A /* Resources */ = {
			isa = PBXResourcesBuildPhase;
			buildActionMask = 2147483647;
			files = (
			);
			runOnlyForDeploymentPostprocessing = 0;
		};
/* End PBXResourcesBuildPhase section */

/* Begin PBXSourcesBuildPhase section */
		9A22629C26E37E35008CB57A /* Sources */ = {
			isa = PBXSourcesBuildPhase;
			buildActionMask = 2147483647;
			files = (
				9AF6DE9726E4CE2A00A7F5A2 /* RearrangeLinesView.swift in Sources */,
				9A2262A426E37E35008CB57A /* RockTheCodingInterviewApp.swift in Sources */,
				9A2262D826E40784008CB57A /* RoundedButton.swift in Sources */,
				9A2262D326E4068F008CB57A /* SplashImageView.swift in Sources */,
				9A2262D626E4070A008CB57A /* LoginView.swift in Sources */,
				9AF6DE9226E4AF7C00A7F5A2 /* Quiestion.swift in Sources */,
				9AF6DE9F26E4E15700A7F5A2 /* DataProvider.swift in Sources */,
				9AF6DE9D26E4D9E800A7F5A2 /* QuiestionContainer.swift in Sources */,
				9AF6DE9926E4CE6000A7F5A2 /* CodeBlock.swift in Sources */,
				9AF6DE8F26E4A19F00A7F5A2 /* QuiestionView.swift in Sources */,
				9A2262CE26E40225008CB57A /* SplashView.swift in Sources */,
				9AF6DE9B26E4CEB500A7F5A2 /* Line.swift in Sources */,
			);
			runOnlyForDeploymentPostprocessing = 0;
		};
		9A2262AC26E37E3D008CB57A /* Sources */ = {
			isa = PBXSourcesBuildPhase;
			buildActionMask = 2147483647;
			files = (
				9A2262B526E37E3D008CB57A /* RockTheCodingInterviewTests.swift in Sources */,
			);
			runOnlyForDeploymentPostprocessing = 0;
		};
		9A2262B626E37E3D008CB57A /* Sources */ = {
			isa = PBXSourcesBuildPhase;
			buildActionMask = 2147483647;
			files = (
				9A2262BF26E37E3D008CB57A /* RockTheCodingInterviewUITests.swift in Sources */,
			);
			runOnlyForDeploymentPostprocessing = 0;
		};
/* End PBXSourcesBuildPhase section */

/* Begin PBXTargetDependency section */
		9A2262B226E37E3D008CB57A /* PBXTargetDependency */ = {
			isa = PBXTargetDependency;
			target = 9A22629F26E37E35008CB57A /* RockTheCodingInterview */;
			targetProxy = 9A2262B126E37E3D008CB57A /* PBXContainerItemProxy */;
		};
		9A2262BC26E37E3D008CB57A /* PBXTargetDependency */ = {
			isa = PBXTargetDependency;
			target = 9A22629F26E37E35008CB57A /* RockTheCodingInterview */;
			targetProxy = 9A2262BB26E37E3D008CB57A /* PBXContainerItemProxy */;
		};
/* End PBXTargetDependency section */

/* Begin XCBuildConfiguration section */
		9A2262C026E37E3D008CB57A /* Debug */ = {
			isa = XCBuildConfiguration;
			buildSettings = {
				ALWAYS_SEARCH_USER_PATHS = NO;
				CLANG_ANALYZER_NONNULL = YES;
				CLANG_ANALYZER_NUMBER_OBJECT_CONVERSION = YES_AGGRESSIVE;
				CLANG_CXX_LANGUAGE_STANDARD = "gnu++14";
				CLANG_CXX_LIBRARY = "libc++";
				CLANG_ENABLE_MODULES = YES;
				CLANG_ENABLE_OBJC_ARC = YES;
				CLANG_ENABLE_OBJC_WEAK = YES;
				CLANG_WARN_BLOCK_CAPTURE_AUTORELEASING = YES;
				CLANG_WARN_BOOL_CONVERSION = YES;
				CLANG_WARN_COMMA = YES;
				CLANG_WARN_CONSTANT_CONVERSION = YES;
				CLANG_WARN_DEPRECATED_OBJC_IMPLEMENTATIONS = YES;
				CLANG_WARN_DIRECT_OBJC_ISA_USAGE = YES_ERROR;
				CLANG_WARN_DOCUMENTATION_COMMENTS = YES;
				CLANG_WARN_EMPTY_BODY = YES;
				CLANG_WARN_ENUM_CONVERSION = YES;
				CLANG_WARN_INFINITE_RECURSION = YES;
				CLANG_WARN_INT_CONVERSION = YES;
				CLANG_WARN_NON_LITERAL_NULL_CONVERSION = YES;
				CLANG_WARN_OBJC_IMPLICIT_RETAIN_SELF = YES;
				CLANG_WARN_OBJC_LITERAL_CONVERSION = YES;
				CLANG_WARN_OBJC_ROOT_CLASS = YES_ERROR;
				CLANG_WARN_QUOTED_INCLUDE_IN_FRAMEWORK_HEADER = YES;
				CLANG_WARN_RANGE_LOOP_ANALYSIS = YES;
				CLANG_WARN_STRICT_PROTOTYPES = YES;
				CLANG_WARN_SUSPICIOUS_MOVE = YES;
				CLANG_WARN_UNGUARDED_AVAILABILITY = YES_AGGRESSIVE;
				CLANG_WARN_UNREACHABLE_CODE = YES;
				CLANG_WARN__DUPLICATE_METHOD_MATCH = YES;
				COPY_PHASE_STRIP = NO;
				DEBUG_INFORMATION_FORMAT = dwarf;
				ENABLE_STRICT_OBJC_MSGSEND = YES;
				ENABLE_TESTABILITY = YES;
				GCC_C_LANGUAGE_STANDARD = gnu11;
				GCC_DYNAMIC_NO_PIC = NO;
				GCC_NO_COMMON_BLOCKS = YES;
				GCC_OPTIMIZATION_LEVEL = 0;
				GCC_PREPROCESSOR_DEFINITIONS = (
					"DEBUG=1",
					"$(inherited)",
				);
				GCC_WARN_64_TO_32_BIT_CONVERSION = YES;
				GCC_WARN_ABOUT_RETURN_TYPE = YES_ERROR;
				GCC_WARN_UNDECLARED_SELECTOR = YES;
				GCC_WARN_UNINITIALIZED_AUTOS = YES_AGGRESSIVE;
				GCC_WARN_UNUSED_FUNCTION = YES;
				GCC_WARN_UNUSED_VARIABLE = YES;
				IPHONEOS_DEPLOYMENT_TARGET = 15.0;
				MTL_ENABLE_DEBUG_INFO = INCLUDE_SOURCE;
				MTL_FAST_MATH = YES;
				ONLY_ACTIVE_ARCH = YES;
				SDKROOT = iphoneos;
				SWIFT_ACTIVE_COMPILATION_CONDITIONS = DEBUG;
				SWIFT_OPTIMIZATION_LEVEL = "-Onone";
			};
			name = Debug;
		};
		9A2262C126E37E3D008CB57A /* Release */ = {
			isa = XCBuildConfiguration;
			buildSettings = {
				ALWAYS_SEARCH_USER_PATHS = NO;
				CLANG_ANALYZER_NONNULL = YES;
				CLANG_ANALYZER_NUMBER_OBJECT_CONVERSION = YES_AGGRESSIVE;
				CLANG_CXX_LANGUAGE_STANDARD = "gnu++14";
				CLANG_CXX_LIBRARY = "libc++";
				CLANG_ENABLE_MODULES = YES;
				CLANG_ENABLE_OBJC_ARC = YES;
				CLANG_ENABLE_OBJC_WEAK = YES;
				CLANG_WARN_BLOCK_CAPTURE_AUTORELEASING = YES;
				CLANG_WARN_BOOL_CONVERSION = YES;
				CLANG_WARN_COMMA = YES;
				CLANG_WARN_CONSTANT_CONVERSION = YES;
				CLANG_WARN_DEPRECATED_OBJC_IMPLEMENTATIONS = YES;
				CLANG_WARN_DIRECT_OBJC_ISA_USAGE = YES_ERROR;
				CLANG_WARN_DOCUMENTATION_COMMENTS = YES;
				CLANG_WARN_EMPTY_BODY = YES;
				CLANG_WARN_ENUM_CONVERSION = YES;
				CLANG_WARN_INFINITE_RECURSION = YES;
				CLANG_WARN_INT_CONVERSION = YES;
				CLANG_WARN_NON_LITERAL_NULL_CONVERSION = YES;
				CLANG_WARN_OBJC_IMPLICIT_RETAIN_SELF = YES;
				CLANG_WARN_OBJC_LITERAL_CONVERSION = YES;
				CLANG_WARN_OBJC_ROOT_CLASS = YES_ERROR;
				CLANG_WARN_QUOTED_INCLUDE_IN_FRAMEWORK_HEADER = YES;
				CLANG_WARN_RANGE_LOOP_ANALYSIS = YES;
				CLANG_WARN_STRICT_PROTOTYPES = YES;
				CLANG_WARN_SUSPICIOUS_MOVE = YES;
				CLANG_WARN_UNGUARDED_AVAILABILITY = YES_AGGRESSIVE;
				CLANG_WARN_UNREACHABLE_CODE = YES;
				CLANG_WARN__DUPLICATE_METHOD_MATCH = YES;
				COPY_PHASE_STRIP = NO;
				DEBUG_INFORMATION_FORMAT = "dwarf-with-dsym";
				ENABLE_NS_ASSERTIONS = NO;
				ENABLE_STRICT_OBJC_MSGSEND = YES;
				GCC_C_LANGUAGE_STANDARD = gnu11;
				GCC_NO_COMMON_BLOCKS = YES;
				GCC_WARN_64_TO_32_BIT_CONVERSION = YES;
				GCC_WARN_ABOUT_RETURN_TYPE = YES_ERROR;
				GCC_WARN_UNDECLARED_SELECTOR = YES;
				GCC_WARN_UNINITIALIZED_AUTOS = YES_AGGRESSIVE;
				GCC_WARN_UNUSED_FUNCTION = YES;
				GCC_WARN_UNUSED_VARIABLE = YES;
				IPHONEOS_DEPLOYMENT_TARGET = 15.0;
				MTL_ENABLE_DEBUG_INFO = NO;
				MTL_FAST_MATH = YES;
				SDKROOT = iphoneos;
				SWIFT_COMPILATION_MODE = wholemodule;
				SWIFT_OPTIMIZATION_LEVEL = "-O";
				VALIDATE_PRODUCT = YES;
			};
			name = Release;
		};
		9A2262C326E37E3D008CB57A /* Debug */ = {
			isa = XCBuildConfiguration;
			buildSettings = {
				ASSETCATALOG_COMPILER_APPICON_NAME = AppIcon;
				ASSETCATALOG_COMPILER_GLOBAL_ACCENT_COLOR_NAME = AccentColor;
				CODE_SIGN_STYLE = Automatic;
				CURRENT_PROJECT_VERSION = 1;
				DEVELOPMENT_ASSET_PATHS = "\"RockTheCodingInterview/Preview Content\"";
				DEVELOPMENT_TEAM = 476NFTQ6B6;
				ENABLE_PREVIEWS = YES;
				GENERATE_INFOPLIST_FILE = YES;
				INFOPLIST_KEY_UIApplicationSceneManifest_Generation = YES;
				INFOPLIST_KEY_UIApplicationSupportsIndirectInputEvents = YES;
				INFOPLIST_KEY_UILaunchScreen_Generation = YES;
				INFOPLIST_KEY_UISupportedInterfaceOrientations_iPad = "UIInterfaceOrientationPortrait UIInterfaceOrientationPortraitUpsideDown UIInterfaceOrientationLandscapeLeft UIInterfaceOrientationLandscapeRight";
				INFOPLIST_KEY_UISupportedInterfaceOrientations_iPhone = "UIInterfaceOrientationPortrait UIInterfaceOrientationLandscapeLeft UIInterfaceOrientationLandscapeRight";
				IPHONEOS_DEPLOYMENT_TARGET = 15.0;
				LD_RUNPATH_SEARCH_PATHS = (
					"$(inherited)",
					"@executable_path/Frameworks",
				);
				MARKETING_VERSION = 1.0;
				PRODUCT_BUNDLE_IDENTIFIER = com.stoikokolev.RockTheCodingInterview;
				PRODUCT_NAME = "$(TARGET_NAME)";
				SWIFT_EMIT_LOC_STRINGS = YES;
				SWIFT_VERSION = 5.0;
				TARGETED_DEVICE_FAMILY = "1,2";
			};
			name = Debug;
		};
		9A2262C426E37E3D008CB57A /* Release */ = {
			isa = XCBuildConfiguration;
			buildSettings = {
				ASSETCATALOG_COMPILER_APPICON_NAME = AppIcon;
				ASSETCATALOG_COMPILER_GLOBAL_ACCENT_COLOR_NAME = AccentColor;
				CODE_SIGN_STYLE = Automatic;
				CURRENT_PROJECT_VERSION = 1;
				DEVELOPMENT_ASSET_PATHS = "\"RockTheCodingInterview/Preview Content\"";
				DEVELOPMENT_TEAM = 476NFTQ6B6;
				ENABLE_PREVIEWS = YES;
				GENERATE_INFOPLIST_FILE = YES;
				INFOPLIST_KEY_UIApplicationSceneManifest_Generation = YES;
				INFOPLIST_KEY_UIApplicationSupportsIndirectInputEvents = YES;
				INFOPLIST_KEY_UILaunchScreen_Generation = YES;
				INFOPLIST_KEY_UISupportedInterfaceOrientations_iPad = "UIInterfaceOrientationPortrait UIInterfaceOrientationPortraitUpsideDown UIInterfaceOrientationLandscapeLeft UIInterfaceOrientationLandscapeRight";
				INFOPLIST_KEY_UISupportedInterfaceOrientations_iPhone = "UIInterfaceOrientationPortrait UIInterfaceOrientationLandscapeLeft UIInterfaceOrientationLandscapeRight";
				IPHONEOS_DEPLOYMENT_TARGET = 15.0;
				LD_RUNPATH_SEARCH_PATHS = (
					"$(inherited)",
					"@executable_path/Frameworks",
				);
				MARKETING_VERSION = 1.0;
				PRODUCT_BUNDLE_IDENTIFIER = com.stoikokolev.RockTheCodingInterview;
				PRODUCT_NAME = "$(TARGET_NAME)";
				SWIFT_EMIT_LOC_STRINGS = YES;
				SWIFT_VERSION = 5.0;
				TARGETED_DEVICE_FAMILY = "1,2";
			};
			name = Release;
		};
		9A2262C626E37E3D008CB57A /* Debug */ = {
			isa = XCBuildConfiguration;
			buildSettings = {
				ALWAYS_EMBED_SWIFT_STANDARD_LIBRARIES = YES;
				BUNDLE_LOADER = "$(TEST_HOST)";
				CODE_SIGN_STYLE = Automatic;
				CURRENT_PROJECT_VERSION = 1;
				DEVELOPMENT_TEAM = 476NFTQ6B6;
				GENERATE_INFOPLIST_FILE = YES;
				IPHONEOS_DEPLOYMENT_TARGET = 14.0;
				LD_RUNPATH_SEARCH_PATHS = (
					"$(inherited)",
					"@executable_path/Frameworks",
					"@loader_path/Frameworks",
				);
				MARKETING_VERSION = 1.0;
				PRODUCT_BUNDLE_IDENTIFIER = com.stoikokolev.RockTheCodingInterviewTests;
				PRODUCT_NAME = "$(TARGET_NAME)";
				SWIFT_EMIT_LOC_STRINGS = NO;
				SWIFT_VERSION = 5.0;
				TARGETED_DEVICE_FAMILY = "1,2";
				TEST_HOST = "$(BUILT_PRODUCTS_DIR)/RockTheCodingInterview.app/RockTheCodingInterview";
			};
			name = Debug;
		};
		9A2262C726E37E3D008CB57A /* Release */ = {
			isa = XCBuildConfiguration;
			buildSettings = {
				ALWAYS_EMBED_SWIFT_STANDARD_LIBRARIES = YES;
				BUNDLE_LOADER = "$(TEST_HOST)";
				CODE_SIGN_STYLE = Automatic;
				CURRENT_PROJECT_VERSION = 1;
				DEVELOPMENT_TEAM = 476NFTQ6B6;
				GENERATE_INFOPLIST_FILE = YES;
				IPHONEOS_DEPLOYMENT_TARGET = 14.0;
				LD_RUNPATH_SEARCH_PATHS = (
					"$(inherited)",
					"@executable_path/Frameworks",
					"@loader_path/Frameworks",
				);
				MARKETING_VERSION = 1.0;
				PRODUCT_BUNDLE_IDENTIFIER = com.stoikokolev.RockTheCodingInterviewTests;
				PRODUCT_NAME = "$(TARGET_NAME)";
				SWIFT_EMIT_LOC_STRINGS = NO;
				SWIFT_VERSION = 5.0;
				TARGETED_DEVICE_FAMILY = "1,2";
				TEST_HOST = "$(BUILT_PRODUCTS_DIR)/RockTheCodingInterview.app/RockTheCodingInterview";
			};
			name = Release;
		};
		9A2262C926E37E3D008CB57A /* Debug */ = {
			isa = XCBuildConfiguration;
			buildSettings = {
				ALWAYS_EMBED_SWIFT_STANDARD_LIBRARIES = YES;
				CODE_SIGN_STYLE = Automatic;
				CURRENT_PROJECT_VERSION = 1;
				DEVELOPMENT_TEAM = 476NFTQ6B6;
				GENERATE_INFOPLIST_FILE = YES;
				LD_RUNPATH_SEARCH_PATHS = (
					"$(inherited)",
					"@executable_path/Frameworks",
					"@loader_path/Frameworks",
				);
				MARKETING_VERSION = 1.0;
				PRODUCT_BUNDLE_IDENTIFIER = com.stoikokolev.RockTheCodingInterviewUITests;
				PRODUCT_NAME = "$(TARGET_NAME)";
				SWIFT_EMIT_LOC_STRINGS = NO;
				SWIFT_VERSION = 5.0;
				TARGETED_DEVICE_FAMILY = "1,2";
				TEST_TARGET_NAME = RockTheCodingInterview;
			};
			name = Debug;
		};
		9A2262CA26E37E3D008CB57A /* Release */ = {
			isa = XCBuildConfiguration;
			buildSettings = {
				ALWAYS_EMBED_SWIFT_STANDARD_LIBRARIES = YES;
				CODE_SIGN_STYLE = Automatic;
				CURRENT_PROJECT_VERSION = 1;
				DEVELOPMENT_TEAM = 476NFTQ6B6;
				GENERATE_INFOPLIST_FILE = YES;
				LD_RUNPATH_SEARCH_PATHS = (
					"$(inherited)",
					"@executable_path/Frameworks",
					"@loader_path/Frameworks",
				);
				MARKETING_VERSION = 1.0;
				PRODUCT_BUNDLE_IDENTIFIER = com.stoikokolev.RockTheCodingInterviewUITests;
				PRODUCT_NAME = "$(TARGET_NAME)";
				SWIFT_EMIT_LOC_STRINGS = NO;
				SWIFT_VERSION = 5.0;
				TARGETED_DEVICE_FAMILY = "1,2";
				TEST_TARGET_NAME = RockTheCodingInterview;
			};
			name = Release;
		};
/* End XCBuildConfiguration section */

/* Begin XCConfigurationList section */
		9A22629B26E37E35008CB57A /* Build configuration list for PBXProject "RockTheCodingInterview" */ = {
			isa = XCConfigurationList;
			buildConfigurations = (
				9A2262C026E37E3D008CB57A /* Debug */,
				9A2262C126E37E3D008CB57A /* Release */,
			);
			defaultConfigurationIsVisible = 0;
			defaultConfigurationName = Release;
		};
		9A2262C226E37E3D008CB57A /* Build configuration list for PBXNativeTarget "RockTheCodingInterview" */ = {
			isa = XCConfigurationList;
			buildConfigurations = (
				9A2262C326E37E3D008CB57A /* Debug */,
				9A2262C426E37E3D008CB57A /* Release */,
			);
			defaultConfigurationIsVisible = 0;
			defaultConfigurationName = Release;
		};
		9A2262C526E37E3D008CB57A /* Build configuration list for PBXNativeTarget "RockTheCodingInterviewTests" */ = {
			isa = XCConfigurationList;
			buildConfigurations = (
				9A2262C626E37E3D008CB57A /* Debug */,
				9A2262C726E37E3D008CB57A /* Release */,
			);
			defaultConfigurationIsVisible = 0;
			defaultConfigurationName = Release;
		};
		9A2262C826E37E3D008CB57A /* Build configuration list for PBXNativeTarget "RockTheCodingInterviewUITests" */ = {
			isa = XCConfigurationList;
			buildConfigurations = (
				9A2262C926E37E3D008CB57A /* Debug */,
				9A2262CA26E37E3D008CB57A /* Release */,
			);
			defaultConfigurationIsVisible = 0;
			defaultConfigurationName = Release;
		};
/* End XCConfigurationList section */
	};
	rootObject = 9A22629826E37E35008CB57A /* Project object */;
}
